
Microsoft Visual Studio Solution File, Format Version 12.00
# Visual Studio Version 17
VisualStudioVersion = 17.0.31903.59
MinimumVisualStudioVersion = 10.0.40219.1
Project("{FAE04EC0-301F-11D3-BF4B-00C04F79EFBC}") = "ServiceContract", "contracts\ServiceContract\src\ServiceContract.csproj", "{A1B2C3D4-E5F6-7890-ABCD-EF1234567890}"
EndProject
Project("{FAE04EC0-301F-11D3-BF4B-00C04F79EFBC}") = "ServiceConfiguration", "contracts\ServiceConfiguration\src\ServiceConfiguration.csproj", "{B2C3D4E5-F6A7-8901-BCDE-F12345678901}"
EndProject
Project("{FAE04EC0-301F-11D3-BF4B-00C04F79EFBC}") = "QueryService.Domain", "service\QueryService\src\QueryService.Domain\QueryService.Domain.csproj", "{C3D4E5F6-A7B8-9012-CDEF-123456789012}"
EndProject
Project("{FAE04EC0-301F-11D3-BF4B-00C04F79EFBC}") = "QueryService.Infrastructure", "service\QueryService\src\QueryService.Infrastructure\QueryService.Infrastructure.csproj", "{D4E5F6A7-B8C9-0123-DEF1-234567890123}"
EndProject
Project("{FAE04EC0-301F-11D3-BF4B-00C04F79EFBC}") = "QueryService.Api", "service\QueryService\src\QueryService.Api\QueryService.Api.csproj", "{E5F6A7B8-C9D0-1234-EF12-345678901234}"
EndProject
Project("{2150E333-8FDC-42A3-9474-1A3956D46DE8}") = "ingestion", "ingestion", "{25CD8240-70A0-ABC9-EF9B-CC681B3AD32E}"
EndProject
Project("{2150E333-8FDC-42A3-9474-1A3956D46DE8}") = "IngestionService", "IngestionService", "{C4867DB7-E050-5E2C-D0C4-FF8AD68D1D90}"
EndProject
Project("{2150E333-8FDC-42A3-9474-1A3956D46DE8}") = "src", "src", "{10F08073-D6DA-D011-0AAC-1917355C8CBA}"
EndProject
Project("{FAE04EC0-301F-11D3-BF4B-00C04F79EFBC}") = "IngestionService", "ingestion\IngestionService\src\IngestionService.csproj", "{2FA9ACCA-F040-4386-9491-1C30D419769B}"
EndProject
Project("{2150E333-8FDC-42A3-9474-1A3956D46DE8}") = "contracts", "contracts", "{A73F2606-6D4C-3EEE-1759-0E59DCFEF523}"
EndProject
Project("{2150E333-8FDC-42A3-9474-1A3956D46DE8}") = "ServiceContract", "ServiceContract", "{0BE213BB-8261-5126-4C9B-5B9C676388DA}"
EndProject
Project("{2150E333-8FDC-42A3-9474-1A3956D46DE8}") = "src", "src", "{FE7449EB-EABC-B791-204B-BD17549AA82A}"
EndProject
Project("{2150E333-8FDC-42A3-9474-1A3956D46DE8}") = "ServiceConfiguration", "ServiceConfiguration", "{9AA52947-1638-2D8B-FCC7-D689A41FBD95}"
EndProject
Project("{2150E333-8FDC-42A3-9474-1A3956D46DE8}") = "src", "src", "{0FB5FF4B-4B3E-D7D8-14A1-CDF1F2174956}"
EndProject
Project("{2150E333-8FDC-42A3-9474-1A3956D46DE8}") = "tests", "tests", "{0AB3BF05-4346-4AA6-1389-037BE0695223}"
EndProject
Project("{2150E333-8FDC-42A3-9474-1A3956D46DE8}") = "IngestionService", "IngestionService", "{A63008E2-550A-F898-68A7-52B25630BFFA}"
EndProject
Project("{FAE04EC0-301F-11D3-BF4B-00C04F79EFBC}") = "IngestionService.Tests", "tests\IngestionService\IngestionService.Tests\IngestionService.Tests.csproj", "{20364648-25A4-4609-83AB-260A49ACAA08}"
EndProject
Project("{2150E333-8FDC-42A3-9474-1A3956D46DE8}") = "processing", "processing", "{1B172B43-E9D2-B7C1-B029-FDEDD5B7D2A2}"
EndProject
Project("{2150E333-8FDC-42A3-9474-1A3956D46DE8}") = "ProcessingService", "ProcessingService", "{62F42A6F-CAC1-78BD-6D75-2E7B332F934D}"
EndProject
Project("{2150E333-8FDC-42A3-9474-1A3956D46DE8}") = "src", "src", "{EE03857C-BA9C-50DB-FC55-8C656BB0083F}"
EndProject
Project("{FAE04EC0-301F-11D3-BF4B-00C04F79EFBC}") = "ProcessingService", "processing\ProcessingService\src\ProcessingService.csproj", "{610E9661-3F3A-443C-97E2-7D3B94447899}"
EndProject
Project("{2150E333-8FDC-42A3-9474-1A3956D46DE8}") = "ProcessingService", "ProcessingService", "{FD7FA492-0F2C-35D8-FC91-4E0696374E09}"
EndProject
Project("{FAE04EC0-301F-11D3-BF4B-00C04F79EFBC}") = "ProcessingService.Tests", "tests\ProcessingService\ProcessingService.Tests\ProcessingService.Tests.csproj", "{15560E49-5513-4A44-A410-5C7282C54E4D}"
EndProject
Project("{2150E333-8FDC-42A3-9474-1A3956D46DE8}") = "QueryService", "QueryService", "{B3C4D5E6-F7A8-9012-BCDE-F12345678902}"
EndProject
Project("{FAE04EC0-301F-11D3-BF4B-00C04F79EFBC}") = "QueryService.Tests", "tests\QueryService\QueryService.Tests\QueryService.Tests.csproj", "{C3D4E5F6-A7B8-9012-CDEF-123456789013}"
EndProject
Project("{2150E333-8FDC-42A3-9474-1A3956D46DE8}") = "mcp", "mcp", "{60D02A9B-BD8A-21E2-79E7-27A6B3D0EB49}"
EndProject
Project("{2150E333-8FDC-42A3-9474-1A3956D46DE8}") = "McpAdapter", "McpAdapter", "{7EAB8F39-3F0A-0400-9A2F-DCA98394FD87}"
EndProject
Project("{2150E333-8FDC-42A3-9474-1A3956D46DE8}") = "src", "src", "{B1EE1667-3176-D3AF-47EA-772E43927484}"
EndProject
Project("{FAE04EC0-301F-11D3-BF4B-00C04F79EFBC}") = "McpAdapter", "mcp\McpAdapter\src\McpAdapter.csproj", "{0ECD0590-F51F-4686-9D32-A1A827AD4F00}"
EndProject
Project("{2150E333-8FDC-42A3-9474-1A3956D46DE8}") = "McpAdapter", "McpAdapter", "{7DE92F46-C034-15C4-590A-A5F040D72D75}"
EndProject
Project("{FAE04EC0-301F-11D3-BF4B-00C04F79EFBC}") = "McpAdapter.Tests", "tests\McpAdapter\McpAdapter.Tests\McpAdapter.Tests.csproj", "{7750C84B-95B6-4FEE-BFC8-FDFE9EC1724F}"
EndProject
Project("{2150E333-8FDC-42A3-9474-1A3956D46DE8}") = "evaluation", "evaluation", "{05E47754-8584-5594-A6D9-6241F3EAF82B}"
EndProject
Project("{2150E333-8FDC-42A3-9474-1A3956D46DE8}") = "EvaluationHarness", "EvaluationHarness", "{46CCEBF2-9FFB-9465-05C7-714CBD596969}"
EndProject
Project("{2150E333-8FDC-42A3-9474-1A3956D46DE8}") = "src", "src", "{8C5608EA-5836-9226-AE70-7F3312640B19}"
EndProject
Project("{FAE04EC0-301F-11D3-BF4B-00C04F79EFBC}") = "EvaluationHarness", "evaluation\EvaluationHarness\src\EvaluationHarness.csproj", "{6F6E2D3A-5577-4B67-828D-5845B3599949}"
EndProject
Project("{2150E333-8FDC-42A3-9474-1A3956D46DE8}") = "EvaluationHarness", "EvaluationHarness", "{3C9F797A-DE41-1D37-09BD-1E0FD2CAA9B6}"
EndProject
Project("{FAE04EC0-301F-11D3-BF4B-00C04F79EFBC}") = "EvaluationHarness.Tests", "tests\EvaluationHarness\EvaluationHarness.Tests\EvaluationHarness.Tests.csproj", "{DC9F970B-3677-4917-A091-D45B151CC806}"
EndProject
Global
	GlobalSection(SolutionConfigurationPlatforms) = preSolution
		Debug|Any CPU = Debug|Any CPU
		Debug|x64 = Debug|x64
		Debug|x86 = Debug|x86
		Release|Any CPU = Release|Any CPU
		Release|x64 = Release|x64
		Release|x86 = Release|x86
	EndGlobalSection
	GlobalSection(ProjectConfigurationPlatforms) = postSolution
		{A1B2C3D4-E5F6-7890-ABCD-EF1234567890}.Debug|Any CPU.ActiveCfg = Debug|Any CPU
		{A1B2C3D4-E5F6-7890-ABCD-EF1234567890}.Debug|Any CPU.Build.0 = Debug|Any CPU
		{A1B2C3D4-E5F6-7890-ABCD-EF1234567890}.Debug|x64.ActiveCfg = Debug|Any CPU
		{A1B2C3D4-E5F6-7890-ABCD-EF1234567890}.Debug|x64.Build.0 = Debug|Any CPU
		{A1B2C3D4-E5F6-7890-ABCD-EF1234567890}.Debug|x86.ActiveCfg = Debug|Any CPU
		{A1B2C3D4-E5F6-7890-ABCD-EF1234567890}.Debug|x86.Build.0 = Debug|Any CPU
		{A1B2C3D4-E5F6-7890-ABCD-EF1234567890}.Release|Any CPU.ActiveCfg = Release|Any CPU
		{A1B2C3D4-E5F6-7890-ABCD-EF1234567890}.Release|Any CPU.Build.0 = Release|Any CPU
		{A1B2C3D4-E5F6-7890-ABCD-EF1234567890}.Release|x64.ActiveCfg = Release|Any CPU
		{A1B2C3D4-E5F6-7890-ABCD-EF1234567890}.Release|x64.Build.0 = Release|Any CPU
		{A1B2C3D4-E5F6-7890-ABCD-EF1234567890}.Release|x86.ActiveCfg = Release|Any CPU
		{A1B2C3D4-E5F6-7890-ABCD-EF1234567890}.Release|x86.Build.0 = Release|Any CPU
		{B2C3D4E5-F6A7-8901-BCDE-F12345678901}.Debug|Any CPU.ActiveCfg = Debug|Any CPU
		{B2C3D4E5-F6A7-8901-BCDE-F12345678901}.Debug|Any CPU.Build.0 = Debug|Any CPU
		{B2C3D4E5-F6A7-8901-BCDE-F12345678901}.Debug|x64.ActiveCfg = Debug|Any CPU
		{B2C3D4E5-F6A7-8901-BCDE-F12345678901}.Debug|x64.Build.0 = Debug|Any CPU
		{B2C3D4E5-F6A7-8901-BCDE-F12345678901}.Debug|x86.ActiveCfg = Debug|Any CPU
		{B2C3D4E5-F6A7-8901-BCDE-F12345678901}.Debug|x86.Build.0 = Debug|Any CPU
		{B2C3D4E5-F6A7-8901-BCDE-F12345678901}.Release|Any CPU.ActiveCfg = Release|Any CPU
		{B2C3D4E5-F6A7-8901-BCDE-F12345678901}.Release|Any CPU.Build.0 = Release|Any CPU
		{B2C3D4E5-F6A7-8901-BCDE-F12345678901}.Release|x64.ActiveCfg = Release|Any CPU
		{B2C3D4E5-F6A7-8901-BCDE-F12345678901}.Release|x64.Build.0 = Release|Any CPU
		{B2C3D4E5-F6A7-8901-BCDE-F12345678901}.Release|x86.ActiveCfg = Release|Any CPU
		{B2C3D4E5-F6A7-8901-BCDE-F12345678901}.Release|x86.Build.0 = Release|Any CPU
		{C3D4E5F6-A7B8-9012-CDEF-123456789012}.Debug|Any CPU.ActiveCfg = Debug|Any CPU
		{C3D4E5F6-A7B8-9012-CDEF-123456789012}.Debug|Any CPU.Build.0 = Debug|Any CPU
		{C3D4E5F6-A7B8-9012-CDEF-123456789012}.Debug|x64.ActiveCfg = Debug|Any CPU
		{C3D4E5F6-A7B8-9012-CDEF-123456789012}.Debug|x64.Build.0 = Debug|Any CPU
		{C3D4E5F6-A7B8-9012-CDEF-123456789012}.Debug|x86.ActiveCfg = Debug|Any CPU
		{C3D4E5F6-A7B8-9012-CDEF-123456789012}.Debug|x86.Build.0 = Debug|Any CPU
		{C3D4E5F6-A7B8-9012-CDEF-123456789012}.Release|Any CPU.ActiveCfg = Release|Any CPU
		{C3D4E5F6-A7B8-9012-CDEF-123456789012}.Release|Any CPU.Build.0 = Release|Any CPU
		{C3D4E5F6-A7B8-9012-CDEF-123456789012}.Release|x64.ActiveCfg = Release|Any CPU
		{C3D4E5F6-A7B8-9012-CDEF-123456789012}.Release|x64.Build.0 = Release|Any CPU
		{C3D4E5F6-A7B8-9012-CDEF-123456789012}.Release|x86.ActiveCfg = Release|Any CPU
		{C3D4E5F6-A7B8-9012-CDEF-123456789012}.Release|x86.Build.0 = Release|Any CPU
		{D4E5F6A7-B8C9-0123-DEF1-234567890123}.Debug|Any CPU.ActiveCfg = Debug|Any CPU
		{D4E5F6A7-B8C9-0123-DEF1-234567890123}.Debug|Any CPU.Build.0 = Debug|Any CPU
		{D4E5F6A7-B8C9-0123-DEF1-234567890123}.Debug|x64.ActiveCfg = Debug|Any CPU
		{D4E5F6A7-B8C9-0123-DEF1-234567890123}.Debug|x64.Build.0 = Debug|Any CPU
		{D4E5F6A7-B8C9-0123-DEF1-234567890123}.Debug|x86.ActiveCfg = Debug|Any CPU
		{D4E5F6A7-B8C9-0123-DEF1-234567890123}.Debug|x86.Build.0 = Debug|Any CPU
		{D4E5F6A7-B8C9-0123-DEF1-234567890123}.Release|Any CPU.ActiveCfg = Release|Any CPU
		{D4E5F6A7-B8C9-0123-DEF1-234567890123}.Release|Any CPU.Build.0 = Release|Any CPU
		{D4E5F6A7-B8C9-0123-DEF1-234567890123}.Release|x64.ActiveCfg = Release|Any CPU
		{D4E5F6A7-B8C9-0123-DEF1-234567890123}.Release|x64.Build.0 = Release|Any CPU
		{D4E5F6A7-B8C9-0123-DEF1-234567890123}.Release|x86.ActiveCfg = Release|Any CPU
		{D4E5F6A7-B8C9-0123-DEF1-234567890123}.Release|x86.Build.0 = Release|Any CPU
		{E5F6A7B8-C9D0-1234-EF12-345678901234}.Debug|Any CPU.ActiveCfg = Debug|Any CPU
		{E5F6A7B8-C9D0-1234-EF12-345678901234}.Debug|Any CPU.Build.0 = Debug|Any CPU
		{E5F6A7B8-C9D0-1234-EF12-345678901234}.Debug|x64.ActiveCfg = Debug|Any CPU
		{E5F6A7B8-C9D0-1234-EF12-345678901234}.Debug|x64.Build.0 = Debug|Any CPU
		{E5F6A7B8-C9D0-1234-EF12-345678901234}.Debug|x86.ActiveCfg = Debug|Any CPU
		{E5F6A7B8-C9D0-1234-EF12-345678901234}.Debug|x86.Build.0 = Debug|Any CPU
		{E5F6A7B8-C9D0-1234-EF12-345678901234}.Release|Any CPU.ActiveCfg = Release|Any CPU
		{E5F6A7B8-C9D0-1234-EF12-345678901234}.Release|Any CPU.Build.0 = Release|Any CPU
		{E5F6A7B8-C9D0-1234-EF12-345678901234}.Release|x64.ActiveCfg = Release|Any CPU
		{E5F6A7B8-C9D0-1234-EF12-345678901234}.Release|x64.Build.0 = Release|Any CPU
		{E5F6A7B8-C9D0-1234-EF12-345678901234}.Release|x86.ActiveCfg = Release|Any CPU
		{E5F6A7B8-C9D0-1234-EF12-345678901234}.Release|x86.Build.0 = Release|Any CPU
		{2FA9ACCA-F040-4386-9491-1C30D419769B}.Debug|Any CPU.ActiveCfg = Debug|Any CPU
		{2FA9ACCA-F040-4386-9491-1C30D419769B}.Debug|Any CPU.Build.0 = Debug|Any CPU
		{2FA9ACCA-F040-4386-9491-1C30D419769B}.Debug|x64.ActiveCfg = Debug|Any CPU
		{2FA9ACCA-F040-4386-9491-1C30D419769B}.Debug|x64.Build.0 = Debug|Any CPU
		{2FA9ACCA-F040-4386-9491-1C30D419769B}.Debug|x86.ActiveCfg = Debug|Any CPU
		{2FA9ACCA-F040-4386-9491-1C30D419769B}.Debug|x86.Build.0 = Debug|Any CPU
		{2FA9ACCA-F040-4386-9491-1C30D419769B}.Release|Any CPU.ActiveCfg = Release|Any CPU
		{2FA9ACCA-F040-4386-9491-1C30D419769B}.Release|Any CPU.Build.0 = Release|Any CPU
		{2FA9ACCA-F040-4386-9491-1C30D419769B}.Release|x64.ActiveCfg = Release|Any CPU
		{2FA9ACCA-F040-4386-9491-1C30D419769B}.Release|x64.Build.0 = Release|Any CPU
		{2FA9ACCA-F040-4386-9491-1C30D419769B}.Release|x86.ActiveCfg = Release|Any CPU
		{2FA9ACCA-F040-4386-9491-1C30D419769B}.Release|x86.Build.0 = Release|Any CPU
		{20364648-25A4-4609-83AB-260A49ACAA08}.Debug|Any CPU.ActiveCfg = Debug|Any CPU
		{20364648-25A4-4609-83AB-260A49ACAA08}.Debug|Any CPU.Build.0 = Debug|Any CPU
		{20364648-25A4-4609-83AB-260A49ACAA08}.Debug|x64.ActiveCfg = Debug|Any CPU
		{20364648-25A4-4609-83AB-260A49ACAA08}.Debug|x64.Build.0 = Debug|Any CPU
		{20364648-25A4-4609-83AB-260A49ACAA08}.Debug|x86.ActiveCfg = Debug|Any CPU
		{20364648-25A4-4609-83AB-260A49ACAA08}.Debug|x86.Build.0 = Debug|Any CPU
		{20364648-25A4-4609-83AB-260A49ACAA08}.Release|Any CPU.ActiveCfg = Release|Any CPU
		{20364648-25A4-4609-83AB-260A49ACAA08}.Release|Any CPU.Build.0 = Release|Any CPU
		{20364648-25A4-4609-83AB-260A49ACAA08}.Release|x64.ActiveCfg = Release|Any CPU
		{20364648-25A4-4609-83AB-260A49ACAA08}.Release|x64.Build.0 = Release|Any CPU
		{20364648-25A4-4609-83AB-260A49ACAA08}.Release|x86.ActiveCfg = Release|Any CPU
		{20364648-25A4-4609-83AB-260A49ACAA08}.Release|x86.Build.0 = Release|Any CPU
		{610E9661-3F3A-443C-97E2-7D3B94447899}.Debug|Any CPU.ActiveCfg = Debug|Any CPU
		{610E9661-3F3A-443C-97E2-7D3B94447899}.Debug|Any CPU.Build.0 = Debug|Any CPU
		{610E9661-3F3A-443C-97E2-7D3B94447899}.Debug|x64.ActiveCfg = Debug|Any CPU
		{610E9661-3F3A-443C-97E2-7D3B94447899}.Debug|x64.Build.0 = Debug|Any CPU
		{610E9661-3F3A-443C-97E2-7D3B94447899}.Debug|x86.ActiveCfg = Debug|Any CPU
		{610E9661-3F3A-443C-97E2-7D3B94447899}.Debug|x86.Build.0 = Debug|Any CPU
		{610E9661-3F3A-443C-97E2-7D3B94447899}.Release|Any CPU.ActiveCfg = Release|Any CPU
		{610E9661-3F3A-443C-97E2-7D3B94447899}.Release|Any CPU.Build.0 = Release|Any CPU
		{610E9661-3F3A-443C-97E2-7D3B94447899}.Release|x64.ActiveCfg = Release|Any CPU
		{610E9661-3F3A-443C-97E2-7D3B94447899}.Release|x64.Build.0 = Release|Any CPU
		{610E9661-3F3A-443C-97E2-7D3B94447899}.Release|x86.ActiveCfg = Release|Any CPU
		{610E9661-3F3A-443C-97E2-7D3B94447899}.Release|x86.Build.0 = Release|Any CPU
		{15560E49-5513-4A44-A410-5C7282C54E4D}.Debug|Any CPU.ActiveCfg = Debug|Any CPU
		{15560E49-5513-4A44-A410-5C7282C54E4D}.Debug|Any CPU.Build.0 = Debug|Any CPU
		{15560E49-5513-4A44-A410-5C7282C54E4D}.Debug|x64.ActiveCfg = Debug|Any CPU
		{15560E49-5513-4A44-A410-5C7282C54E4D}.Debug|x64.Build.0 = Debug|Any CPU
		{15560E49-5513-4A44-A410-5C7282C54E4D}.Debug|x86.ActiveCfg = Debug|Any CPU
		{15560E49-5513-4A44-A410-5C7282C54E4D}.Debug|x86.Build.0 = Debug|Any CPU
		{15560E49-5513-4A44-A410-5C7282C54E4D}.Release|Any CPU.ActiveCfg = Release|Any CPU
		{15560E49-5513-4A44-A410-5C7282C54E4D}.Release|Any CPU.Build.0 = Release|Any CPU
		{15560E49-5513-4A44-A410-5C7282C54E4D}.Release|x64.ActiveCfg = Release|Any CPU
		{15560E49-5513-4A44-A410-5C7282C54E4D}.Release|x64.Build.0 = Release|Any CPU
		{15560E49-5513-4A44-A410-5C7282C54E4D}.Release|x86.ActiveCfg = Release|Any CPU
		{15560E49-5513-4A44-A410-5C7282C54E4D}.Release|x86.Build.0 = Release|Any CPU
		{C3D4E5F6-A7B8-9012-CDEF-123456789013}.Debug|Any CPU.ActiveCfg = Debug|Any CPU
		{C3D4E5F6-A7B8-9012-CDEF-123456789013}.Debug|Any CPU.Build.0 = Debug|Any CPU
		{C3D4E5F6-A7B8-9012-CDEF-123456789013}.Debug|x64.ActiveCfg = Debug|Any CPU
		{C3D4E5F6-A7B8-9012-CDEF-123456789013}.Debug|x64.Build.0 = Debug|Any CPU
		{C3D4E5F6-A7B8-9012-CDEF-123456789013}.Debug|x86.ActiveCfg = Debug|Any CPU
		{C3D4E5F6-A7B8-9012-CDEF-123456789013}.Debug|x86.Build.0 = Debug|Any CPU
		{C3D4E5F6-A7B8-9012-CDEF-123456789013}.Release|Any CPU.ActiveCfg = Release|Any CPU
		{C3D4E5F6-A7B8-9012-CDEF-123456789013}.Release|Any CPU.Build.0 = Release|Any CPU
		{C3D4E5F6-A7B8-9012-CDEF-123456789013}.Release|x64.ActiveCfg = Release|Any CPU
		{C3D4E5F6-A7B8-9012-CDEF-123456789013}.Release|x64.Build.0 = Release|Any CPU
		{C3D4E5F6-A7B8-9012-CDEF-123456789013}.Release|x86.ActiveCfg = Release|Any CPU
		{C3D4E5F6-A7B8-9012-CDEF-123456789013}.Release|x86.Build.0 = Release|Any CPU
		{0ECD0590-F51F-4686-9D32-A1A827AD4F00}.Debug|Any CPU.ActiveCfg = Debug|Any CPU
		{0ECD0590-F51F-4686-9D32-A1A827AD4F00}.Debug|Any CPU.Build.0 = Debug|Any CPU
		{0ECD0590-F51F-4686-9D32-A1A827AD4F00}.Debug|x64.ActiveCfg = Debug|Any CPU
		{0ECD0590-F51F-4686-9D32-A1A827AD4F00}.Debug|x64.Build.0 = Debug|Any CPU
		{0ECD0590-F51F-4686-9D32-A1A827AD4F00}.Debug|x86.ActiveCfg = Debug|Any CPU
		{0ECD0590-F51F-4686-9D32-A1A827AD4F00}.Debug|x86.Build.0 = Debug|Any CPU
		{0ECD0590-F51F-4686-9D32-A1A827AD4F00}.Release|Any CPU.ActiveCfg = Release|Any CPU
		{0ECD0590-F51F-4686-9D32-A1A827AD4F00}.Release|Any CPU.Build.0 = Release|Any CPU
		{0ECD0590-F51F-4686-9D32-A1A827AD4F00}.Release|x64.ActiveCfg = Release|Any CPU
		{0ECD0590-F51F-4686-9D32-A1A827AD4F00}.Release|x64.Build.0 = Release|Any CPU
		{0ECD0590-F51F-4686-9D32-A1A827AD4F00}.Release|x86.ActiveCfg = Release|Any CPU
		{0ECD0590-F51F-4686-9D32-A1A827AD4F00}.Release|x86.Build.0 = Release|Any CPU
		{7750C84B-95B6-4FEE-BFC8-FDFE9EC1724F}.Debug|Any CPU.ActiveCfg = Debug|Any CPU
		{7750C84B-95B6-4FEE-BFC8-FDFE9EC1724F}.Debug|Any CPU.Build.0 = Debug|Any CPU
		{7750C84B-95B6-4FEE-BFC8-FDFE9EC1724F}.Debug|x64.ActiveCfg = Debug|Any CPU
		{7750C84B-95B6-4FEE-BFC8-FDFE9EC1724F}.Debug|x64.Build.0 = Debug|Any CPU
		{7750C84B-95B6-4FEE-BFC8-FDFE9EC1724F}.Debug|x86.ActiveCfg = Debug|Any CPU
		{7750C84B-95B6-4FEE-BFC8-FDFE9EC1724F}.Debug|x86.Build.0 = Debug|Any CPU
		{7750C84B-95B6-4FEE-BFC8-FDFE9EC1724F}.Release|Any CPU.ActiveCfg = Release|Any CPU
		{7750C84B-95B6-4FEE-BFC8-FDFE9EC1724F}.Release|Any CPU.Build.0 = Release|Any CPU
		{7750C84B-95B6-4FEE-BFC8-FDFE9EC1724F}.Release|x64.ActiveCfg = Release|Any CPU
		{7750C84B-95B6-4FEE-BFC8-FDFE9EC1724F}.Release|x64.Build.0 = Release|Any CPU
		{7750C84B-95B6-4FEE-BFC8-FDFE9EC1724F}.Release|x86.ActiveCfg = Release|Any CPU
		{7750C84B-95B6-4FEE-BFC8-FDFE9EC1724F}.Release|x86.Build.0 = Release|Any CPU
		{6F6E2D3A-5577-4B67-828D-5845B3599949}.Debug|Any CPU.ActiveCfg = Debug|Any CPU
		{6F6E2D3A-5577-4B67-828D-5845B3599949}.Debug|Any CPU.Build.0 = Debug|Any CPU
		{6F6E2D3A-5577-4B67-828D-5845B3599949}.Debug|x64.ActiveCfg = Debug|Any CPU
		{6F6E2D3A-5577-4B67-828D-5845B3599949}.Debug|x64.Build.0 = Debug|Any CPU
		{6F6E2D3A-5577-4B67-828D-5845B3599949}.Debug|x86.ActiveCfg = Debug|Any CPU
		{6F6E2D3A-5577-4B67-828D-5845B3599949}.Debug|x86.Build.0 = Debug|Any CPU
		{6F6E2D3A-5577-4B67-828D-5845B3599949}.Release|Any CPU.ActiveCfg = Release|Any CPU
		{6F6E2D3A-5577-4B67-828D-5845B3599949}.Release|Any CPU.Build.0 = Release|Any CPU
		{6F6E2D3A-5577-4B67-828D-5845B3599949}.Release|x64.ActiveCfg = Release|Any CPU
		{6F6E2D3A-5577-4B67-828D-5845B3599949}.Release|x64.Build.0 = Release|Any CPU
		{6F6E2D3A-5577-4B67-828D-5845B3599949}.Release|x86.ActiveCfg = Release|Any CPU
		{6F6E2D3A-5577-4B67-828D-5845B3599949}.Release|x86.Build.0 = Release|Any CPU
		{DC9F970B-3677-4917-A091-D45B151CC806}.Debug|Any CPU.ActiveCfg = Debug|Any CPU
		{DC9F970B-3677-4917-A091-D45B151CC806}.Debug|Any CPU.Build.0 = Debug|Any CPU
		{DC9F970B-3677-4917-A091-D45B151CC806}.Debug|x64.ActiveCfg = Debug|Any CPU
		{DC9F970B-3677-4917-A091-D45B151CC806}.Debug|x64.Build.0 = Debug|Any CPU
		{DC9F970B-3677-4917-A091-D45B151CC806}.Debug|x86.ActiveCfg = Debug|Any CPU
		{DC9F970B-3677-4917-A091-D45B151CC806}.Debug|x86.Build.0 = Debug|Any CPU
		{DC9F970B-3677-4917-A091-D45B151CC806}.Release|Any CPU.ActiveCfg = Release|Any CPU
		{DC9F970B-3677-4917-A091-D45B151CC806}.Release|Any CPU.Build.0 = Release|Any CPU
		{DC9F970B-3677-4917-A091-D45B151CC806}.Release|x64.ActiveCfg = Release|Any CPU
		{DC9F970B-3677-4917-A091-D45B151CC806}.Release|x64.Build.0 = Release|Any CPU
		{DC9F970B-3677-4917-A091-D45B151CC806}.Release|x86.ActiveCfg = Release|Any CPU
		{DC9F970B-3677-4917-A091-D45B151CC806}.Release|x86.Build.0 = Release|Any CPU
	EndGlobalSection
	GlobalSection(SolutionProperties) = preSolution
		HideSolutionNode = FALSE
	EndGlobalSection
	GlobalSection(NestedProjects) = preSolution
		{C4867DB7-E050-5E2C-D0C4-FF8AD68D1D90} = {25CD8240-70A0-ABC9-EF9B-CC681B3AD32E}
		{10F08073-D6DA-D011-0AAC-1917355C8CBA} = {C4867DB7-E050-5E2C-D0C4-FF8AD68D1D90}
		{2FA9ACCA-F040-4386-9491-1C30D419769B} = {10F08073-D6DA-D011-0AAC-1917355C8CBA}
		{0BE213BB-8261-5126-4C9B-5B9C676388DA} = {A73F2606-6D4C-3EEE-1759-0E59DCFEF523}
		{FE7449EB-EABC-B791-204B-BD17549AA82A} = {0BE213BB-8261-5126-4C9B-5B9C676388DA}
		{9AA52947-1638-2D8B-FCC7-D689A41FBD95} = {A73F2606-6D4C-3EEE-1759-0E59DCFEF523}
		{0FB5FF4B-4B3E-D7D8-14A1-CDF1F2174956} = {9AA52947-1638-2D8B-FCC7-D689A41FBD95}
		{A63008E2-550A-F898-68A7-52B25630BFFA} = {0AB3BF05-4346-4AA6-1389-037BE0695223}
		{20364648-25A4-4609-83AB-260A49ACAA08} = {A63008E2-550A-F898-68A7-52B25630BFFA}
		{62F42A6F-CAC1-78BD-6D75-2E7B332F934D} = {1B172B43-E9D2-B7C1-B029-FDEDD5B7D2A2}
		{EE03857C-BA9C-50DB-FC55-8C656BB0083F} = {62F42A6F-CAC1-78BD-6D75-2E7B332F934D}
		{610E9661-3F3A-443C-97E2-7D3B94447899} = {EE03857C-BA9C-50DB-FC55-8C656BB0083F}
		{FD7FA492-0F2C-35D8-FC91-4E0696374E09} = {0AB3BF05-4346-4AA6-1389-037BE0695223}
		{15560E49-5513-4A44-A410-5C7282C54E4D} = {FD7FA492-0F2C-35D8-FC91-4E0696374E09}
		{B3C4D5E6-F7A8-9012-BCDE-F12345678902} = {0AB3BF05-4346-4AA6-1389-037BE0695223}
		{C3D4E5F6-A7B8-9012-CDEF-123456789013} = {B3C4D5E6-F7A8-9012-BCDE-F12345678902}
		{7EAB8F39-3F0A-0400-9A2F-DCA98394FD87} = {60D02A9B-BD8A-21E2-79E7-27A6B3D0EB49}
		{B1EE1667-3176-D3AF-47EA-772E43927484} = {7EAB8F39-3F0A-0400-9A2F-DCA98394FD87}
		{0ECD0590-F51F-4686-9D32-A1A827AD4F00} = {B1EE1667-3176-D3AF-47EA-772E43927484}
		{7DE92F46-C034-15C4-590A-A5F040D72D75} = {0AB3BF05-4346-4AA6-1389-037BE0695223}
		{7750C84B-95B6-4FEE-BFC8-FDFE9EC1724F} = {7DE92F46-C034-15C4-590A-A5F040D72D75}
		{46CCEBF2-9FFB-9465-05C7-714CBD596969} = {05E47754-8584-5594-A6D9-6241F3EAF82B}
		{8C5608EA-5836-9226-AE70-7F3312640B19} = {46CCEBF2-9FFB-9465-05C7-714CBD596969}
		{6F6E2D3A-5577-4B67-828D-5845B3599949} = {8C5608EA-5836-9226-AE70-7F3312640B19}
		{3C9F797A-DE41-1D37-09BD-1E0FD2CAA9B6} = {0AB3BF05-4346-4AA6-1389-037BE0695223}
		{DC9F970B-3677-4917-A091-D45B151CC806} = {3C9F797A-DE41-1D37-09BD-1E0FD2CAA9B6}
	EndGlobalSection
EndGlobal
